
Microsoft Visual Studio Solution File, Format Version 12.00
# Visual Studio Version 16
VisualStudioVersion = 16.0.30011.22
MinimumVisualStudioVersion = 10.0.40219.1
Project("{FAE04EC0-301F-11D3-BF4B-00C04F79EFBC}") = "QlBida", "QlBida.csproj", "{D7B79547-1E47-4272-83C1-CEE361E76B7A}"
EndProject
Global
	GlobalSection(SolutionConfigurationPlatforms) = preSolution
		Debug|Any CPU = Debug|Any CPU
		Release|Any CPU = Release|Any CPU
	EndGlobalSection
	GlobalSection(ProjectConfigurationPlatforms) = postSolution
		{D7B79547-1E47-4272-83C1-CEE361E76B7A}.Debug|Any CPU.ActiveCfg = Debug|Any CPU
		{D7B79547-1E47-4272-83C1-CEE361E76B7A}.Debug|Any CPU.Build.0 = Debug|Any CPU
		{D7B79547-1E47-4272-83C1-CEE361E76B7A}.Release|Any CPU.ActiveCfg = Release|Any CPU
		{D7B79547-1E47-4272-83C1-CEE361E76B7A}.Release|Any CPU.Build.0 = Release|Any CPU
	EndGlobalSection
	GlobalSection(SolutionProperties) = preSolution
		HideSolutionNode = FALSE
	EndGlobalSection
	GlobalSection(ExtensibilityGlobals) = postSolution
		SolutionGuid = {18A7A0C2-0E6E-4FB1-8439-2DF2EA338EC0}
	EndGlobalSection
EndGlobal
